
Microsoft Visual Studio Solution File, Format Version 12.00
# Visual Studio Version 17
VisualStudioVersion = 17.0.31903.59
MinimumVisualStudioVersion = 10.0.40219.1
Project("{2150E333-8FDC-42A3-9474-1A3956D46DE8}") = "Solution Items", "Solution Items", "{722C9ECD-8E94-4753-B293-1C5B5BDBA4D8}"
	ProjectSection(SolutionItems) = preProject
		.gitignore = .gitignore
	EndProjectSection
EndProject
Project("{9A19103F-16F7-4668-BE54-9A1E7A4F7556}") = "StockSpotter.API", "StockSpotter.API\StockSpotter.API.csproj", "{07D425F0-D94B-4D47-9953-46A665E249CD}"
EndProject
Project("{E24C65DC-7377-472B-9ABA-BC803B73C61A}") = "StockSpotter.ClientApp", "StockSpotter.ClientApp\", "{09D7B872-8F36-4836-884B-DE034E7F55C3}"
	ProjectSection(WebsiteProperties) = preProject
		TargetFrameworkMoniker = ".NETFramework,Version%3Dv4.8"
		Debug.AspNetCompiler.VirtualPath = "/localhost_56496"
		Debug.AspNetCompiler.PhysicalPath = "StockSpotter.ClientApp\"
		Debug.AspNetCompiler.TargetPath = "PrecompiledWeb\localhost_56496\"
		Debug.AspNetCompiler.Updateable = "true"
		Debug.AspNetCompiler.ForceOverwrite = "true"
		Debug.AspNetCompiler.FixedNames = "false"
		Debug.AspNetCompiler.Debug = "True"
		Release.AspNetCompiler.VirtualPath = "/localhost_56496"
		Release.AspNetCompiler.PhysicalPath = "StockSpotter.ClientApp\"
		Release.AspNetCompiler.TargetPath = "PrecompiledWeb\localhost_56496\"
		Release.AspNetCompiler.Updateable = "true"
		Release.AspNetCompiler.ForceOverwrite = "true"
		Release.AspNetCompiler.FixedNames = "false"
		Release.AspNetCompiler.Debug = "False"
		VWDPort = "56496"
		SlnRelativePath = "StockSpotter.ClientApp\"
	EndProjectSection
EndProject
Global
	GlobalSection(SolutionConfigurationPlatforms) = preSolution
		Debug|Any CPU = Debug|Any CPU
		Release|Any CPU = Release|Any CPU
	EndGlobalSection
	GlobalSection(ProjectConfigurationPlatforms) = postSolution
		{07D425F0-D94B-4D47-9953-46A665E249CD}.Debug|Any CPU.ActiveCfg = Debug|Any CPU
		{07D425F0-D94B-4D47-9953-46A665E249CD}.Debug|Any CPU.Build.0 = Debug|Any CPU
		{07D425F0-D94B-4D47-9953-46A665E249CD}.Release|Any CPU.ActiveCfg = Release|Any CPU
		{07D425F0-D94B-4D47-9953-46A665E249CD}.Release|Any CPU.Build.0 = Release|Any CPU
		{09D7B872-8F36-4836-884B-DE034E7F55C3}.Debug|Any CPU.ActiveCfg = Debug|Any CPU
		{09D7B872-8F36-4836-884B-DE034E7F55C3}.Debug|Any CPU.Build.0 = Debug|Any CPU
		{09D7B872-8F36-4836-884B-DE034E7F55C3}.Release|Any CPU.ActiveCfg = Debug|Any CPU
		{09D7B872-8F36-4836-884B-DE034E7F55C3}.Release|Any CPU.Build.0 = Debug|Any CPU
	EndGlobalSection
	GlobalSection(SolutionProperties) = preSolution
		HideSolutionNode = FALSE
	EndGlobalSection
	GlobalSection(ExtensibilityGlobals) = postSolution
		SolutionGuid = {44F1E6D7-A97F-4E27-9C28-29A124CF5D77}
	EndGlobalSection
EndGlobal
