
Microsoft Visual Studio Solution File, Format Version 12.00
# Visual Studio Version 17
VisualStudioVersion = 17.0.31903.59
MinimumVisualStudioVersion = 10.0.40219.1
Project("{9A19103F-16F7-4668-BE54-9A1E7A4F7556}") = "StockSpotter.API", "StockSpotter.API\StockSpotter.API.csproj", "{F5547C7D-45E7-47CC-98D5-C31F8450D18A}"
EndProject
Project("{9A19103F-16F7-4668-BE54-9A1E7A4F7556}") = "StockSpotter.ClientApp", "StockSpotter.ClientApp\StockSpotter.ClientApp.csproj", "{94927C80-B901-4205-93AE-1521BDF42E07}"
EndProject
Project("{2150E333-8FDC-42A3-9474-1A3956D46DE8}") = "Solution Items", "Solution Items", "{722C9ECD-8E94-4753-B293-1C5B5BDBA4D8}"
	ProjectSection(SolutionItems) = preProject
		.gitignore = .gitignore
	EndProjectSection
EndProject
Global
	GlobalSection(SolutionConfigurationPlatforms) = preSolution
		Debug|Any CPU = Debug|Any CPU
		Release|Any CPU = Release|Any CPU
	EndGlobalSection
	GlobalSection(ProjectConfigurationPlatforms) = postSolution
		{F5547C7D-45E7-47CC-98D5-C31F8450D18A}.Debug|Any CPU.ActiveCfg = Debug|Any CPU
		{F5547C7D-45E7-47CC-98D5-C31F8450D18A}.Debug|Any CPU.Build.0 = Debug|Any CPU
		{F5547C7D-45E7-47CC-98D5-C31F8450D18A}.Release|Any CPU.ActiveCfg = Release|Any CPU
		{F5547C7D-45E7-47CC-98D5-C31F8450D18A}.Release|Any CPU.Build.0 = Release|Any CPU
		{94927C80-B901-4205-93AE-1521BDF42E07}.Debug|Any CPU.ActiveCfg = Debug|Any CPU
		{94927C80-B901-4205-93AE-1521BDF42E07}.Debug|Any CPU.Build.0 = Debug|Any CPU
		{94927C80-B901-4205-93AE-1521BDF42E07}.Release|Any CPU.ActiveCfg = Release|Any CPU
		{94927C80-B901-4205-93AE-1521BDF42E07}.Release|Any CPU.Build.0 = Release|Any CPU
	EndGlobalSection
	GlobalSection(SolutionProperties) = preSolution
		HideSolutionNode = FALSE
	EndGlobalSection
	GlobalSection(ExtensibilityGlobals) = postSolution
		SolutionGuid = {44F1E6D7-A97F-4E27-9C28-29A124CF5D77}
	EndGlobalSection
EndGlobal
